{
    "_meta": {
        "hash": {
            "sha256": "fa02f450238b23e41d2915f199a771e1e77c024c3842b2ba2fca0bdab9d944a4"
        },
        "pipfile-spec": 6,
        "requires": {
            "python_version": "3.8"
        },
        "sources": [
            {
                "name": "pypi",
                "url": "https://pypi.org/simple",
                "verify_ssl": true
            }
        ]
    },
    "default": {
        "beautifulsoup4": {
            "hashes": [
                "sha256:2a98ab9f944a11acee9cc848508ec28d9228abfd522ef0fad6a02a72e0ded69e",
                "sha256:5ef6fa3a8cbece8488d66985560f97ed091e22bbc4e9c2338508a9d5de6d4515"
            ],
            "index": "pypi",
            "version": "==4.14.2"
        },
        "certifi": {
            "hashes": [
                "sha256:0f212c2744a9bb6de0c56639a6f68afe01ecd92d91f14ae897c4fe7bbeeef0de",
                "sha256:47c09d31ccf2acf0be3f701ea53595ee7e0b8fa08801c6624be771df09ae7b43"
            ],
            "markers": "python_version >= '3.7'",
            "version": "==2025.10.5"
        },
        "cffi": {
            "hashes": [
                "sha256:045d61c734659cc045141be4bae381a41d89b741f795af1dd018bfb532fd0df8",
                "sha256:0984a4925a435b1da406122d4d7968dd861c1385afe3b45ba82b750f229811e2",
                "sha256:0e2b1fac190ae3ebfe37b979cc1ce69c81f4e4fe5746bb401dca63a9062cdaf1",
                "sha256:0f048dcf80db46f0098ccac01132761580d28e28bc0f78ae0d58048063317e15",
                "sha256:1257bdabf294dceb59f5e70c64a3e2f462c30c7ad68092d01bbbfb1c16b1ba36",
                "sha256:1c39c6016c32bc48dd54561950ebd6836e1670f2ae46128f67cf49e789c52824",
                "sha256:1d599671f396c4723d016dbddb72fe8e0397082b0a77a4fab8028923bec050e8",
                "sha256:28b16024becceed8c6dfbc75629e27788d8a3f9030691a1dbf9821a128b22c36",
                "sha256:2bb1a08b8008b281856e5971307cc386a8e9c5b625ac297e853d36da6efe9c17",
                "sha256:30c5e0cb5ae493c04c8b42916e52ca38079f1b235c2f8ae5f4527b963c401caf",
                "sha256:31000ec67d4221a71bd3f67df918b1f88f676f1c3b535a7eb473255fdc0b83fc",
                "sha256:386c8bf53c502fff58903061338ce4f4950cbdcb23e2902d86c0f722b786bbe3",
                "sha256:3edc8d958eb099c634dace3c7e16560ae474aa3803a5df240542b305d14e14ed",
                "sha256:45398b671ac6d70e67da8e4224a065cec6a93541bb7aebe1b198a61b58c7b702",
                "sha256:46bf43160c1a35f7ec506d254e5c890f3c03648a4dbac12d624e4490a7046cd1",
                "sha256:4ceb10419a9adf4460ea14cfd6bc43d08701f0835e979bf821052f1805850fe8",
                "sha256:51392eae71afec0d0c8fb1a53b204dbb3bcabcb3c9b807eedf3e1e6ccf2de903",
                "sha256:5da5719280082ac6bd9aa7becb3938dc9f9cbd57fac7d2871717b1feb0902ab6",
                "sha256:610faea79c43e44c71e1ec53a554553fa22321b65fae24889706c0a84d4ad86d",
                "sha256:636062ea65bd0195bc012fea9321aca499c0504409f413dc88af450b57ffd03b",
                "sha256:6883e737d7d9e4899a8a695e00ec36bd4e5e4f18fabe0aca0efe0a4b44cdb13e",
                "sha256:6b8b4a92e1c65048ff98cfe1f735ef8f1ceb72e3d5f0c25fdb12087a23da22be",
                "sha256:6f17be4345073b0a7b8ea599688f692ac3ef23ce28e5df79c04de519dbc4912c",
                "sha256:706510fe141c86a69c8ddc029c7910003a17353970cff3b904ff0686a5927683",
                "sha256:72e72408cad3d5419375fc87d289076ee319835bdfa2caad331e377589aebba9",
                "sha256:733e99bc2df47476e3848417c5a4540522f234dfd4ef3ab7fafdf555b082ec0c",
                "sha256:7596d6620d3fa590f677e9ee430df2958d2d6d6de2feeae5b20e82c00b76fbf8",
                "sha256:78122be759c3f8a014ce010908ae03364d00a1f81ab5c7f4a7a5120607ea56e1",
                "sha256:805b4371bf7197c329fcb3ead37e710d1bca9da5d583f5073b799d5c5bd1eee4",
                "sha256:85a950a4ac9c359340d5963966e3e0a94a676bd6245a4b55bc43949eee26a655",
                "sha256:8f2cdc858323644ab277e9bb925ad72ae0e67f69e804f4898c070998d50b1a67",
                "sha256:9755e4345d1ec879e3849e62222a18c7174d65a6a92d5b346b1863912168b595",
                "sha256:98e3969bcff97cae1b2def8ba499ea3d6f31ddfdb7635374834cf89a1a08ecf0",
                "sha256:a08d7e755f8ed21095a310a693525137cfe756ce62d066e53f502a83dc550f65",
                "sha256:a1ed2dd2972641495a3ec98445e09766f077aee98a1c896dcb4ad0d303628e41",
                "sha256:a24ed04c8ffd54b0729c07cee15a81d964e6fee0e3d4d342a27b020d22959dc6",
                "sha256:a45e3c6913c5b87b3ff120dcdc03f6131fa0065027d0ed7ee6190736a74cd401",
                "sha256:a9b15d491f3ad5d692e11f6b71f7857e7835eb677955c00cc0aefcd0669adaf6",
                "sha256:ad9413ccdeda48c5afdae7e4fa2192157e991ff761e7ab8fdd8926f40b160cc3",
                "sha256:b2ab587605f4ba0bf81dc0cb08a41bd1c0a5906bd59243d56bad7668a6fc6c16",
                "sha256:b62ce867176a75d03a665bad002af8e6d54644fad99a3c70905c543130e39d93",
                "sha256:c03e868a0b3bc35839ba98e74211ed2b05d2119be4e8a0f224fba9384f1fe02e",
                "sha256:c59d6e989d07460165cc5ad3c61f9fd8f1b4796eacbd81cee78957842b834af4",
                "sha256:c7eac2ef9b63c79431bc4b25f1cd649d7f061a28808cbc6c47b534bd789ef964",
                "sha256:c9c3d058ebabb74db66e431095118094d06abf53284d9c81f27300d0e0d8bc7c",
                "sha256:ca74b8dbe6e8e8263c0ffd60277de77dcee6c837a3d0881d8c1ead7268c9e576",
                "sha256:caaf0640ef5f5517f49bc275eca1406b0ffa6aa184892812030f04c2abf589a0",
                "sha256:cdf5ce3acdfd1661132f2a9c19cac174758dc2352bfe37d98aa7512c6b7178b3",
                "sha256:d016c76bdd850f3c626af19b0542c9677ba156e4ee4fccfdd7848803533ef662",
                "sha256:d01b12eeeb4427d3110de311e1774046ad344f5b1a7403101878976ecd7a10f3",
                "sha256:d63afe322132c194cf832bfec0dc69a99fb9bb6bbd550f161a49e9e855cc78ff",
                "sha256:da95af8214998d77a98cc14e3a3bd00aa191526343078b530ceb0bd710fb48a5",
                "sha256:dd398dbc6773384a17fe0d3e7eeb8d1a21c2200473ee6806bb5e6a8e62bb73dd",
                "sha256:de2ea4b5833625383e464549fec1bc395c1bdeeb5f25c4a3a82b5a8c756ec22f",
                "sha256:de55b766c7aa2e2a3092c51e0483d700341182f08e67c63630d5b6f200bb28e5",
                "sha256:df8b1c11f177bc2313ec4b2d46baec87a5f3e71fc8b45dab2ee7cae86d9aba14",
                "sha256:e03eab0a8677fa80d646b5ddece1cbeaf556c313dcfac435ba11f107ba117b5d",
                "sha256:e221cf152cff04059d011ee126477f0d9588303eb57e88923578ace7baad17f9",
                "sha256:e31ae45bc2e29f6b2abd0de1cc3b9d5205aa847cafaecb8af1476a609a2f6eb7",
                "sha256:edae79245293e15384b51f88b00613ba9f7198016a5948b5dddf4917d4d26382",
                "sha256:f1e22e8c4419538cb197e4dd60acc919d7696e5ef98ee4da4e01d3f8cfa4cc5a",
                "sha256:f3a2b4222ce6b60e2e8b337bb9596923045681d71e5a082783484d845390938e",
                "sha256:f6a16c31041f09ead72d69f583767292f750d24913dadacf5756b966aacb3f1a",
                "sha256:f75c7ab1f9e4aca5414ed4d8e5c0e303a34f4421f8a0d47a4d019ceff0ab6af4",
                "sha256:f79fc4fc25f1c8698ff97788206bb3c2598949bfe0fef03d299eb1b5356ada99",
                "sha256:f7f5baafcc48261359e14bcd6d9bff6d4b28d9103847c9e136694cb0501aef87",
                "sha256:fc48c783f9c87e60831201f2cce7f3b2e4846bf4d8728eabe54d60700b318a0b"
            ],
            "markers": "python_version >= '3.8'",
            "version": "==1.17.1"
        },
        "charset-normalizer": {
            "hashes": [
                "sha256:00237675befef519d9af72169d8604a067d92755e84fe76492fef5441db05b91",
                "sha256:02425242e96bcf29a49711b0ca9f37e451da7c70562bc10e8ed992a5a7a25cc0",
                "sha256:027b776c26d38b7f15b26a5da1044f376455fb3766df8fc38563b4efbc515154",
                "sha256:07a0eae9e2787b586e129fdcbe1af6997f8d0e5abaa0bc98c0e20e124d67e601",
                "sha256:0cacf8f7297b0c4fcb74227692ca46b4a5852f8f4f24b3c766dd94a1075c4884",
                "sha256:0e78314bdc32fa80696f72fa16dc61168fda4d6a0c014e0380f9d02f0e5d8a07",
                "sha256:0f2be7e0cf7754b9a30eb01f4295cc3d4358a479843b31f328afd210e2c7598c",
                "sha256:13faeacfe61784e2559e690fc53fa4c5ae97c6fcedb8eb6fb8d0a15b475d2c64",
                "sha256:14c2a87c65b351109f6abfc424cab3927b3bdece6f706e4d12faaf3d52ee5efe",
                "sha256:1606f4a55c0fd363d754049cdf400175ee96c992b1f8018b993941f221221c5f",
                "sha256:16a8770207946ac75703458e2c743631c79c59c5890c80011d536248f8eaa432",
                "sha256:18343b2d246dc6761a249ba1fb13f9ee9a2bcd95decc767319506056ea4ad4dc",
                "sha256:18b97b8404387b96cdbd30ad660f6407799126d26a39ca65729162fd810a99aa",
                "sha256:1bb60174149316da1c35fa5233681f7c0f9f514509b8e399ab70fea5f17e45c9",
                "sha256:1e8ac75d72fa3775e0b7cb7e4629cec13b7514d928d15ef8ea06bca03ef01cae",
                "sha256:1ef99f0456d3d46a50945c98de1774da86f8e992ab5c77865ea8b8195341fc19",
                "sha256:2001a39612b241dae17b4687898843f254f8748b796a2e16f1051a17078d991d",
                "sha256:23b6b24d74478dc833444cbd927c338349d6ae852ba53a0d02a2de1fce45b96e",
                "sha256:252098c8c7a873e17dd696ed98bbe91dbacd571da4b87df3736768efa7a792e4",
                "sha256:257f26fed7d7ff59921b78244f3cd93ed2af1800ff048c33f624c87475819dd7",
                "sha256:2c322db9c8c89009a990ef07c3bcc9f011a3269bc06782f916cd3d9eed7c9312",
                "sha256:30a96e1e1f865f78b030d65241c1ee850cdf422d869e9028e2fc1d5e4db73b92",
                "sha256:30d006f98569de3459c2fc1f2acde170b7b2bd265dc1943e87e1a4efe1b67c31",
                "sha256:31a9a6f775f9bcd865d88ee350f0ffb0e25936a7f930ca98995c05abf1faf21c",
                "sha256:320e8e66157cc4e247d9ddca8e21f427efc7a04bbd0ac8a9faf56583fa543f9f",
                "sha256:34a7f768e3f985abdb42841e20e17b330ad3aaf4bb7e7aeeb73db2e70f077b99",
                "sha256:3653fad4fe3ed447a596ae8638b437f827234f01a8cd801842e43f3d0a6b281b",
                "sha256:3cd35b7e8aedeb9e34c41385fda4f73ba609e561faedfae0a9e75e44ac558a15",
                "sha256:3cfb2aad70f2c6debfbcb717f23b7eb55febc0bb23dcffc0f076009da10c6392",
                "sha256:416175faf02e4b0810f1f38bcb54682878a4af94059a1cd63b8747244420801f",
                "sha256:41d1fc408ff5fdfb910200ec0e74abc40387bccb3252f3f27c0676731df2b2c8",
                "sha256:42e5088973e56e31e4fa58eb6bd709e42fc03799c11c42929592889a2e54c491",
                "sha256:4ca4c094de7771a98d7fbd67d9e5dbf1eb73efa4f744a730437d8a3a5cf994f0",
                "sha256:511729f456829ef86ac41ca78c63a5cb55240ed23b4b737faca0eb1abb1c41bc",
                "sha256:53cd68b185d98dde4ad8990e56a58dea83a4162161b1ea9272e5c9182ce415e0",
                "sha256:585f3b2a80fbd26b048a0be90c5aae8f06605d3c92615911c3a2b03a8a3b796f",
                "sha256:5b413b0b1bfd94dbf4023ad6945889f374cd24e3f62de58d6bb102c4d9ae534a",
                "sha256:5d8d01eac18c423815ed4f4a2ec3b439d654e55ee4ad610e153cf02faf67ea40",
                "sha256:6aab0f181c486f973bc7262a97f5aca3ee7e1437011ef0c2ec04b5a11d16c927",
                "sha256:6cf8fd4c04756b6b60146d98cd8a77d0cdae0e1ca20329da2ac85eed779b6849",
                "sha256:6fb70de56f1859a3f71261cbe41005f56a7842cc348d3aeb26237560bfa5e0ce",
                "sha256:6fce4b8500244f6fcb71465d4a4930d132ba9ab8e71a7859e6a5d59851068d14",
                "sha256:70bfc5f2c318afece2f5838ea5e4c3febada0be750fcf4775641052bbba14d05",
                "sha256:73dc19b562516fc9bcf6e5d6e596df0b4eb98d87e4f79f3ae71840e6ed21361c",
                "sha256:74d77e25adda8581ffc1c720f1c81ca082921329452eba58b16233ab1842141c",
                "sha256:78deba4d8f9590fe4dae384aeff04082510a709957e968753ff3c48399f6f92a",
                "sha256:86df271bf921c2ee3818f0522e9a5b8092ca2ad8b065ece5d7d9d0e9f4849bcc",
                "sha256:88ab34806dea0671532d3f82d82b85e8fc23d7b2dd12fa837978dad9bb392a34",
                "sha256:8999f965f922ae054125286faf9f11bc6932184b93011d138925a1773830bbe9",
                "sha256:8dcfc373f888e4fb39a7bc57e93e3b845e7f462dacc008d9749568b1c4ece096",
                "sha256:939578d9d8fd4299220161fdd76e86c6a251987476f5243e8864a7844476ba14",
                "sha256:96b2b3d1a83ad55310de8c7b4a2d04d9277d5591f40761274856635acc5fcb30",
                "sha256:a2d08ac246bb48479170408d6c19f6385fa743e7157d716e144cad849b2dd94b",
                "sha256:b256ee2e749283ef3ddcff51a675ff43798d92d746d1a6e4631bf8c707d22d0b",
                "sha256:b5e3b2d152e74e100a9e9573837aba24aab611d39428ded46f4e4022ea7d1942",
                "sha256:b89bc04de1d83006373429975f8ef9e7932534b8cc9ca582e4db7d20d91816db",
                "sha256:bd28b817ea8c70215401f657edef3a8aa83c29d447fb0b622c35403780ba11d5",
                "sha256:c60e092517a73c632ec38e290eba714e9627abe9d301c8c8a12ec32c314a2a4b",
                "sha256:c6dbd0ccdda3a2ba7c2ecd9d77b37f3b5831687d8dc1b6ca5f56a4880cc7b7ce",
                "sha256:c6e490913a46fa054e03699c70019ab869e990270597018cef1d8562132c2669",
                "sha256:c6f162aabe9a91a309510d74eeb6507fab5fff92337a15acbe77753d88d9dcf0",
                "sha256:c6fd51128a41297f5409deab284fecbe5305ebd7e5a1f959bee1c054622b7018",
                "sha256:cc34f233c9e71701040d772aa7490318673aa7164a0efe3172b2981218c26d93",
                "sha256:cc9370a2da1ac13f0153780040f465839e6cccb4a1e44810124b4e22483c93fe",
                "sha256:ccf600859c183d70eb47e05a44cd80a4ce77394d1ac0f79dbd2dd90a69a3a049",
                "sha256:ce571ab16d890d23b5c278547ba694193a45011ff86a9162a71307ed9f86759a",
                "sha256:cf1ebb7d78e1ad8ec2a8c4732c7be2e736f6e5123a4146c5b89c9d1f585f8cef",
                "sha256:d0e909868420b7049dafd3a31d45125b31143eec59235311fc4c57ea26a4acd2",
                "sha256:d22dbedd33326a4a5190dd4fe9e9e693ef12160c77382d9e87919bce54f3d4ca",
                "sha256:d716a916938e03231e86e43782ca7878fb602a125a91e7acb8b5112e2e96ac16",
                "sha256:d79c198e27580c8e958906f803e63cddb77653731be08851c7df0b1a14a8fc0f",
                "sha256:d95bfb53c211b57198bb91c46dd5a2d8018b3af446583aab40074bf7988401cb",
                "sha256:e28e334d3ff134e88989d90ba04b47d84382a828c061d0d1027b1b12a62b39b1",
                "sha256:ec557499516fc90fd374bf2e32349a2887a876fbf162c160e3c01b6849eaf557",
                "sha256:fb6fecfd65564f208cbf0fba07f107fb661bcd1a7c389edbced3f7a493f70e37",
                "sha256:fb731e5deb0c7ef82d698b0f4c5bb724633ee2a489401594c5c88b02e6cb15f7",
                "sha256:fb7f67a1bfa6e40b438170ebdc8158b78dc465a5a67b6dde178a46987b244a72",
                "sha256:fd10de089bcdcd1be95a2f73dbe6254798ec1bda9f450d5828c96f93e2536b9c",
                "sha256:fdabf8315679312cfa71302f9bd509ded4f2f263fb5b765cf1433b39106c3cc9"
            ],
            "markers": "python_version >= '3.7'",
            "version": "==3.4.3"
        },
        "curl-cffi": {
            "hashes": [
                "sha256:202145686c5ebc00635b9b15cc8afa82523f14197a640b618bb09d59e74889ba",
                "sha256:26d61c5b5c59e9c4a006cba35feccd73c75ce981db0da89a3da88dd280ead7a0",
                "sha256:429a14e724898b7001be2776caa87c294e8062f0ac652619df5854eeae6e156c",
                "sha256:4818e074b61cb209bd8d4d0d03783313d4773e6b51f8b815e25aad9cc146a7b7",
                "sha256:752a4686c062a8bd6e25961845ea812704ba089a0e6863957deb2a30590105bb",
                "sha256:7968c3ea37bec96bbe4b623c0fa59c09d3cdaf173da2e0a516b19db52f05caa4",
                "sha256:7b1177203e47d3248ccb250e63983eaddf39fce5332f91cc2993ea54cae5aa21",
                "sha256:7f41bd0a5dafe3fe19319da1c31302a40634ec4779769ca3d954d8673eb2b4f2",
                "sha256:81ba09622e68f8392236212dd0afd75dcd18cbe1be16467deb4d441d62cfc8a3",
                "sha256:ea8f0511bc6882d30a985ddc53fa26d109f2977715d4851aef162bfa308cd2a8"
            ],
            "markers": "python_version >= '3.8'",
            "version": "==0.9.0"
        },
        "frozendict": {
            "hashes": [
                "sha256:02331541611f3897f260900a1815b63389654951126e6e65545e529b63c08361",
                "sha256:0aaa11e7c472150efe65adbcd6c17ac0f586896096ab3963775e1c5c58ac0098",
                "sha256:18d50a2598350b89189da9150058191f55057581e40533e470db46c942373acf",
                "sha256:1b4a3f8f6dd51bee74a50995c39b5a606b612847862203dd5483b9cd91b0d36a",
                "sha256:1f42e6b75254ea2afe428ad6d095b62f95a7ae6d4f8272f0bd44a25dddd20f67",
                "sha256:2d69418479bfb834ba75b0e764f058af46ceee3d655deb6a0dd0c0c1a5e82f09",
                "sha256:323f1b674a2cc18f86ab81698e22aba8145d7a755e0ac2cccf142ee2db58620d",
                "sha256:377a65be0a700188fc21e669c07de60f4f6d35fae8071c292b7df04776a1c27b",
                "sha256:49344abe90fb75f0f9fdefe6d4ef6d4894e640fadab71f11009d52ad97f370b9",
                "sha256:49ffaf09241bc1417daa19362a2241a4aa435f758fd4375c39ce9790443a39cd",
                "sha256:622301b1c29c4f9bba633667d592a3a2b093cb408ba3ce578b8901ace3931ef3",
                "sha256:665fad3f0f815aa41294e561d98dbedba4b483b3968e7e8cab7d728d64b96e33",
                "sha256:669237c571856be575eca28a69e92a3d18f8490511eff184937283dc6093bd67",
                "sha256:7088102345d1606450bd1801a61139bbaa2cb0d805b9b692f8d81918ea835da6",
                "sha256:7134a2bb95d4a16556bb5f2b9736dceb6ea848fa5b6f3f6c2d6dba93b44b4757",
                "sha256:7291abacf51798d5ffe632771a69c14fb423ab98d63c4ccd1aa382619afe2f89",
                "sha256:74b6b26c15dddfefddeb89813e455b00ebf78d0a3662b89506b4d55c6445a9f4",
                "sha256:7730f8ebe791d147a1586cbf6a42629351d4597773317002181b66a2da0d509e",
                "sha256:807862e14b0e9665042458fde692c4431d660c4219b9bb240817f5b918182222",
                "sha256:94321e646cc39bebc66954a31edd1847d3a2a3483cf52ff051cd0996e7db07db",
                "sha256:9647c74efe3d845faa666d4853cfeabbaee403b53270cabfc635b321f770e6b8",
                "sha256:9a8a43036754a941601635ea9c788ebd7a7efbed2becba01b54a887b41b175b9",
                "sha256:a4e3737cb99ed03200cd303bdcd5514c9f34b29ee48f405c1184141bd68611c9",
                "sha256:a76cee5c4be2a5d1ff063188232fffcce05dde6fd5edd6afe7b75b247526490e",
                "sha256:b8f2829048f29fe115da4a60409be2130e69402e29029339663fac39c90e6e2b",
                "sha256:ba5ef7328706db857a2bdb2c2a17b4cd37c32a19c017cff1bb7eeebc86b0f411",
                "sha256:c131f10c4d3906866454c4e89b87a7e0027d533cce8f4652aa5255112c4d6677",
                "sha256:c3a05c0a50cab96b4bb0ea25aa752efbfceed5ccb24c007612bc63e51299336f",
                "sha256:c9905dcf7aa659e6a11b8051114c9fa76dfde3a6e50e6dc129d5aece75b449a2",
                "sha256:ce1e9217b85eec6ba9560d520d5089c82dbb15f977906eb345d81459723dd7e3",
                "sha256:d065db6a44db2e2375c23eac816f1a022feb2fa98cbb50df44a9e83700accbea",
                "sha256:da6a10164c8a50b34b9ab508a9420df38f4edf286b9ca7b7df8a91767baecb34",
                "sha256:df7cd16470fbd26fc4969a208efadc46319334eb97def1ddf48919b351192b8e",
                "sha256:e72fb86e48811957d66ffb3e95580af7b1af1e6fbd760ad63d7bd79b2c9a07f8",
                "sha256:eabd21d8e5db0c58b60d26b4bb9839cac13132e88277e1376970172a85ee04b3",
                "sha256:eddabeb769fab1e122d3a6872982c78179b5bcc909fdc769f3cf1964f55a6d20",
                "sha256:f4c789fd70879ccb6289a603cdebdc4953e7e5dea047d30c1b180529b28257b5",
                "sha256:f5b94d5b07c00986f9e37a38dd83c13f5fe3bf3f1ccc8e88edea8fe15d6cd88c",
                "sha256:fc67cbb3c96af7a798fab53d52589752c1673027e516b702ab355510ddf6bdff"
            ],
            "markers": "python_version >= '3.6'",
            "version": "==2.4.6"
        },
        "idna": {
            "hashes": [
                "sha256:12f65c9b470abda6dc35cf8e63cc574b1c52b11df2c86030af0ac09b01b13ea9",
                "sha256:946d195a0d259cbba61165e88e65941f16e9b36ea6ddb97f00452bae8b1287d3"
            ],
            "markers": "python_version >= '3.6'",
            "version": "==3.10"
        },
        "multitasking": {
            "hashes": [
                "sha256:2fba2fa8ed8c4b85e227c5dd7dc41c7d658de3b6f247927316175a57349b84d1"
            ],
            "version": "==0.0.12"
        },
        "numpy": {
            "hashes": [
                "sha256:04640dab83f7c6c85abf9cd729c5b65f1ebd0ccf9de90b270cd61935eef0197f",
                "sha256:1452241c290f3e2a312c137a9999cdbf63f78864d63c79039bda65ee86943f61",
                "sha256:222e40d0e2548690405b0b3c7b21d1169117391c2e82c378467ef9ab4c8f0da7",
                "sha256:2541312fbf09977f3b3ad449c4e5f4bb55d0dbf79226d7724211acc905049400",
                "sha256:31f13e25b4e304632a4619d0e0777662c2ffea99fcae2029556b17d8ff958aef",
                "sha256:4602244f345453db537be5314d3983dbf5834a9701b7723ec28923e2889e0bb2",
                "sha256:4979217d7de511a8d57f4b4b5b2b965f707768440c17cb70fbf254c4b225238d",
                "sha256:4c21decb6ea94057331e111a5bed9a79d335658c27ce2adb580fb4d54f2ad9bc",
                "sha256:6620c0acd41dbcb368610bb2f4d83145674040025e5536954782467100aa8835",
                "sha256:692f2e0f55794943c5bfff12b3f56f99af76f902fc47487bdfe97856de51a706",
                "sha256:7215847ce88a85ce39baf9e89070cb860c98fdddacbaa6c0da3ffb31b3350bd5",
                "sha256:79fc682a374c4a8ed08b331bef9c5f582585d1048fa6d80bc6c35bc384eee9b4",
                "sha256:7ffe43c74893dbf38c2b0a1f5428760a1a9c98285553c89e12d70a96a7f3a4d6",
                "sha256:80f5e3a4e498641401868df4208b74581206afbee7cf7b8329daae82676d9463",
                "sha256:95f7ac6540e95bc440ad77f56e520da5bf877f87dca58bd095288dce8940532a",
                "sha256:9667575fb6d13c95f1b36aca12c5ee3356bf001b714fc354eb5465ce1609e62f",
                "sha256:a5425b114831d1e77e4b5d812b69d11d962e104095a5b9c3b641a218abcc050e",
                "sha256:b4bea75e47d9586d31e892a7401f76e909712a0fd510f58f5337bea9572c571e",
                "sha256:b7b1fc9864d7d39e28f41d089bfd6353cb5f27ecd9905348c24187a768c79694",
                "sha256:befe2bf740fd8373cf56149a5c23a0f601e82869598d41f8e188a0e9869926f8",
                "sha256:c0bfb52d2169d58c1cdb8cc1f16989101639b34c7d3ce60ed70b19c63eba0b64",
                "sha256:d11efb4dbecbdf22508d55e48d9c8384db795e1b7b51ea735289ff96613ff74d",
                "sha256:dd80e219fd4c71fc3699fc1dadac5dcf4fd882bfc6f7ec53d30fa197b8ee22dc",
                "sha256:e2926dac25b313635e4d6cf4dc4e51c8c0ebfed60b801c799ffc4c32bf3d1254",
                "sha256:e98f220aa76ca2a977fe435f5b04d7b3470c0a2e6312907b37ba6068f26787f2",
                "sha256:ed094d4f0c177b1b8e7aa9cba7d6ceed51c0e569a5318ac0ca9a090680a6a1b1",
                "sha256:f136bab9c2cfd8da131132c2cf6cc27331dd6fae65f95f69dcd4ae3c3639c810",
                "sha256:f3a86ed21e4f87050382c7bc96571755193c4c1392490744ac73d660e8f564a9"
            ],
            "markers": "python_version < '3.10'",
            "version": "==1.24.4"
        },
        "pandas": {
            "hashes": [
                "sha256:04dbdbaf2e4d46ca8da896e1805bc04eb85caa9a82e259e8eed00254d5e0c682",
                "sha256:1168574b036cd8b93abc746171c9b4f1b83467438a5e45909fed645cf8692dbc",
                "sha256:1994c789bf12a7c5098277fb43836ce090f1073858c10f9220998ac74f37c69b",
                "sha256:258d3624b3ae734490e4d63c430256e716f488c4fcb7c8e9bde2d3aa46c29089",
                "sha256:32fca2ee1b0d93dd71d979726b12b61faa06aeb93cf77468776287f41ff8fdc5",
                "sha256:37673e3bdf1551b95bf5d4ce372b37770f9529743d2498032439371fc7b7eb26",
                "sha256:3ef285093b4fe5058eefd756100a367f27029913760773c8bf1d2d8bebe5d210",
                "sha256:5247fb1ba347c1261cbbf0fcfba4a3121fbb4029d95d9ef4dc45406620b25c8b",
                "sha256:5ec591c48e29226bcbb316e0c1e9423622bc7a4eaf1ef7c3c9fa1a3981f89641",
                "sha256:694888a81198786f0e164ee3a581df7d505024fbb1f15202fc7db88a71d84ebd",
                "sha256:69d7f3884c95da3a31ef82b7618af5710dba95bb885ffab339aad925c3e8ce78",
                "sha256:6a21ab5c89dcbd57f78d0ae16630b090eec626360085a4148693def5452d8a6b",
                "sha256:81af086f4543c9d8bb128328b5d32e9986e0c84d3ee673a2ac6fb57fd14f755e",
                "sha256:9e4da0d45e7f34c069fe4d522359df7d23badf83abc1d1cef398895822d11061",
                "sha256:9eae3dc34fa1aa7772dd3fc60270d13ced7346fcbcfee017d3132ec625e23bb0",
                "sha256:9ee1a69328d5c36c98d8e74db06f4ad518a1840e8ccb94a4ba86920986bb617e",
                "sha256:b084b91d8d66ab19f5bb3256cbd5ea661848338301940e17f4492b2ce0801fe8",
                "sha256:b9cb1e14fdb546396b7e1b923ffaeeac24e4cedd14266c3497216dd4448e4f2d",
                "sha256:ba619e410a21d8c387a1ea6e8a0e49bb42216474436245718d7f2e88a2f8d7c0",
                "sha256:c02f372a88e0d17f36d3093a644c73cfc1788e876a7c4bcb4020a77512e2043c",
                "sha256:ce0c6f76a0f1ba361551f3e6dceaff06bde7514a374aa43e33b588ec10420183",
                "sha256:d9cd88488cceb7635aebb84809d087468eb33551097d600c6dad13602029c2df",
                "sha256:e4c7c9f27a4185304c7caf96dc7d91bc60bc162221152de697c98eb0b2648dd8",
                "sha256:f167beed68918d62bffb6ec64f2e1d8a7d297a038f86d4aed056b9493fca407f",
                "sha256:f3421a7afb1a43f7e38e82e844e2bca9a6d793d66c1a7f9f0ff39a795bbc5e02"
            ],
            "index": "pypi",
            "version": "==2.0.3"
        },
        "peewee": {
            "hashes": [
                "sha256:77a54263eb61aff2ea72f63d2eeb91b140c25c1884148e28e4c0f7c4f64996a0"
            ],
            "version": "==3.18.2"
        },
        "platformdirs": {
            "hashes": [
                "sha256:357fb2acbc885b0419afd3ce3ed34564c13c9b95c89360cd9563f73aa5e2b907",
                "sha256:73e575e1408ab8103900836b97580d5307456908a03e92031bab39e4554cc3fb"
            ],
            "markers": "python_version >= '3.8'",
            "version": "==4.3.6"
        },
        "protobuf": {
            "hashes": [
                "sha256:3f1c6468a2cfd102ff4703976138844f78ebd1fb45f49011afc5139e9e283079",
                "sha256:3f76e3a3675b4a4d867b52e4a5f5b78a2ef9565549d4037e06cf7b0942b1d3fc",
                "sha256:470f3af547ef17847a28e1f47200a1cbf0ba3ff57b7de50d22776607cd2ea353",
                "sha256:63848923da3325e1bf7e9003d680ce6e14b07e55d0473253a690c3a8b8fd6e61",
                "sha256:6cf42630262c59b2d8de33954443d94b746c952b01434fc58a417fdbd2e84bd5",
                "sha256:6f642dc9a61782fa72b90878af134c5afe1917c89a568cd3476d758d3c3a0736",
                "sha256:7318608d56b6402d2ea7704ff1e1e4597bee46d760e7e4dd42a3d45e24b87f2e",
                "sha256:bc1463bafd4b0929216c35f437a8e28731a2b7fe3d98bb77a600efced5a15c84",
                "sha256:e38c5add5a311f2a6eb0340716ef9b039c1dfa428b28f25a7838ac329204a671",
                "sha256:ef91363ad4faba7b25d844ef1ada59ff1604184c0bcd8b39b8a6bef15e1af238",
                "sha256:fa18533a299d7ab6c55a238bf8629311439995f2e7eca5caaff08663606e9015"
            ],
            "markers": "python_version >= '3.8'",
            "version": "==5.29.5"
        },
        "pycparser": {
            "hashes": [
                "sha256:78816d4f24add8f10a06d6f05b4d424ad9e96cfebf68a4ddc99c65c0720d00c2",
                "sha256:e5c6e8d3fbad53479cab09ac03729e0a9faf2bee3db8208a550daf5af81a5934"
            ],
            "markers": "python_version >= '3.8'",
            "version": "==2.23"
        },
        "python-dateutil": {
            "hashes": [
                "sha256:37dd54208da7e1cd875388217d5e00ebd4179249f90fb72437e91a35459a0ad3",
                "sha256:a8b2bc7bffae282281c8140a97d3aa9c14da0b136dfe83f850eea9a5f7470427"
            ],
            "markers": "python_version >= '2.7' and python_version not in '3.0, 3.1, 3.2, 3.3'",
            "version": "==2.9.0.post0"
        },
        "pytz": {
            "hashes": [
                "sha256:360b9e3dbb49a209c21ad61809c7fb453643e048b38924c765813546746e81c3",
                "sha256:5ddf76296dd8c44c26eb8f4b6f35488f3ccbf6fbbd7adee0b7262d43f0ec2f00"
            ],
            "version": "==2025.2"
        },
        "requests": {
            "hashes": [
                "sha256:27babd3cda2a6d50b30443204ee89830707d396671944c998b5975b031ac2b2c",
                "sha256:27d0316682c8a29834d3264820024b62a36942083d52caf2f14c0591336d3422"
            ],
            "index": "pypi",
            "version": "==2.32.4"
        },
        "six": {
            "hashes": [
                "sha256:4721f391ed90541fddacab5acf947aa0d3dc7d27b2e1e8eda2be8970586c3274",
                "sha256:ff70335d468e7eb6ec65b95b99d3a2836546063f63acc5171de367e834932a81"
            ],
            "markers": "python_version >= '2.7' and python_version not in '3.0, 3.1, 3.2, 3.3'",
            "version": "==1.17.0"
        },
        "soupsieve": {
            "hashes": [
                "sha256:6e60cc5c1ffaf1cebcc12e8188320b72071e922c2e897f737cadce79ad5d30c4",
                "sha256:ad282f9b6926286d2ead4750552c8a6142bc4c783fd66b0293547c8fe6ae126a"
            ],
            "markers": "python_version >= '3.8'",
            "version": "==2.7"
        },
        "typing-extensions": {
            "hashes": [
                "sha256:a439e7c04b49fec3e5d3e2beaa21755cadbbdc391694e28ccdd36ca4a1408f8c",
                "sha256:e6c81219bd689f51865d9e372991c540bda33a0379d5573cddb9a3a23f7caaef"
            ],
            "markers": "python_version >= '3.8'",
            "version": "==4.13.2"
        },
        "tzdata": {
            "hashes": [
                "sha256:1a403fada01ff9221ca8044d701868fa132215d84beb92242d9acd2147f667a8",
                "sha256:b60a638fcc0daffadf82fe0f57e53d06bdec2f36c4df66280ae79bce6bd6f2b9"
            ],
            "markers": "python_version >= '2'",
            "version": "==2025.2"
        },
        "urllib3": {
            "hashes": [
                "sha256:ca899ca043dcb1bafa3e262d73aa25c465bfb49e0bd9dd5d59f1d0acba2f8fac",
                "sha256:e7d814a81dad81e6caf2ec9fdedb284ecc9c73076b62654547cc64ccdcae26e9"
            ],
            "markers": "python_version >= '3.8'",
            "version": "==2.2.3"
        },
        "websockets": {
            "hashes": [
                "sha256:004280a140f220c812e65f36944a9ca92d766b6cc4560be652a0a3883a79ed8a",
                "sha256:035233b7531fb92a76beefcbf479504db8c72eb3bff41da55aecce3a0f729e54",
                "sha256:149e622dc48c10ccc3d2760e5f36753db9cacf3ad7bc7bbbfd7d9c819e286f23",
                "sha256:163e7277e1a0bd9fb3c8842a71661ad19c6aa7bb3d6678dc7f89b17fbcc4aeb7",
                "sha256:18503d2c5f3943e93819238bf20df71982d193f73dcecd26c94514f417f6b135",
                "sha256:1971e62d2caa443e57588e1d82d15f663b29ff9dfe7446d9964a4b6f12c1e700",
                "sha256:204e5107f43095012b00f1451374693267adbb832d29966a01ecc4ce1db26faf",
                "sha256:2510c09d8e8df777177ee3d40cd35450dc169a81e747455cc4197e63f7e7bfe5",
                "sha256:25c35bf84bf7c7369d247f0b8cfa157f989862c49104c5cf85cb5436a641d93e",
                "sha256:2f85cf4f2a1ba8f602298a853cec8526c2ca42a9a4b947ec236eaedb8f2dc80c",
                "sha256:308e20f22c2c77f3f39caca508e765f8725020b84aa963474e18c59accbf4c02",
                "sha256:325b1ccdbf5e5725fdcb1b0e9ad4d2545056479d0eee392c291c1bf76206435a",
                "sha256:327b74e915cf13c5931334c61e1a41040e365d380f812513a255aa804b183418",
                "sha256:346bee67a65f189e0e33f520f253d5147ab76ae42493804319b5716e46dddf0f",
                "sha256:38377f8b0cdeee97c552d20cf1865695fcd56aba155ad1b4ca8779a5b6ef4ac3",
                "sha256:3c78383585f47ccb0fcf186dcb8a43f5438bd7d8f47d69e0b56f71bf431a0a68",
                "sha256:4059f790b6ae8768471cddb65d3c4fe4792b0ab48e154c9f0a04cefaabcd5978",
                "sha256:459bf774c754c35dbb487360b12c5727adab887f1622b8aed5755880a21c4a20",
                "sha256:463e1c6ec853202dd3657f156123d6b4dad0c546ea2e2e38be2b3f7c5b8e7295",
                "sha256:4676df3fe46956fbb0437d8800cd5f2b6d41143b6e7e842e60554398432cf29b",
                "sha256:485307243237328c022bc908b90e4457d0daa8b5cf4b3723fd3c4a8012fce4c6",
                "sha256:48a2ef1381632a2f0cb4efeff34efa97901c9fbc118e01951ad7cfc10601a9bb",
                "sha256:4b889dbd1342820cc210ba44307cf75ae5f2f96226c0038094455a96e64fb07a",
                "sha256:586a356928692c1fed0eca68b4d1c2cbbd1ca2acf2ac7e7ebd3b9052582deefa",
                "sha256:58cf7e75dbf7e566088b07e36ea2e3e2bd5676e22216e4cad108d4df4a7402a0",
                "sha256:5993260f483d05a9737073be197371940c01b257cc45ae3f1d5d7adb371b266a",
                "sha256:5dd6da9bec02735931fccec99d97c29f47cc61f644264eb995ad6c0c27667238",
                "sha256:5f2e75431f8dc4a47f31565a6e1355fb4f2ecaa99d6b89737527ea917066e26c",
                "sha256:5f9fee94ebafbc3117c30be1844ed01a3b177bb6e39088bc6b2fa1dc15572084",
                "sha256:61fc0dfcda609cda0fc9fe7977694c0c59cf9d749fbb17f4e9483929e3c48a19",
                "sha256:624459daabeb310d3815b276c1adef475b3e6804abaf2d9d2c061c319f7f187d",
                "sha256:62d516c325e6540e8a57b94abefc3459d7dab8ce52ac75c96cad5549e187e3a7",
                "sha256:6548f29b0e401eea2b967b2fdc1c7c7b5ebb3eeb470ed23a54cd45ef078a0db9",
                "sha256:6d2aad13a200e5934f5a6767492fb07151e1de1d6079c003ab31e1823733ae79",
                "sha256:6d6855bbe70119872c05107e38fbc7f96b1d8cb047d95c2c50869a46c65a8e96",
                "sha256:70c5be9f416aa72aab7a2a76c90ae0a4fe2755c1816c153c1a2bcc3333ce4ce6",
                "sha256:730f42125ccb14602f455155084f978bd9e8e57e89b569b4d7f0f0c17a448ffe",
                "sha256:7a43cfdcddd07f4ca2b1afb459824dd3c6d53a51410636a2c7fc97b9a8cf4842",
                "sha256:7bd6abf1e070a6b72bfeb71049d6ad286852e285f146682bf30d0296f5fbadfa",
                "sha256:7c1e90228c2f5cdde263253fa5db63e6653f1c00e7ec64108065a0b9713fa1b3",
                "sha256:7c65ffa900e7cc958cd088b9a9157a8141c991f8c53d11087e6fb7277a03f81d",
                "sha256:80c421e07973a89fbdd93e6f2003c17d20b69010458d3a8e37fb47874bd67d51",
                "sha256:82d0ba76371769d6a4e56f7e83bb8e81846d17a6190971e38b5de108bde9b0d7",
                "sha256:83f91d8a9bb404b8c2c41a707ac7f7f75b9442a0a876df295de27251a856ad09",
                "sha256:87c6e35319b46b99e168eb98472d6c7d8634ee37750d7693656dc766395df096",
                "sha256:8d23b88b9388ed85c6faf0e74d8dec4f4d3baf3ecf20a65a47b836d56260d4b9",
                "sha256:9156c45750b37337f7b0b00e6248991a047be4aa44554c9886fe6bdd605aab3b",
                "sha256:91a0fa841646320ec0d3accdff5b757b06e2e5c86ba32af2e0815c96c7a603c5",
                "sha256:95858ca14a9f6fa8413d29e0a585b31b278388aa775b8a81fa24830123874678",
                "sha256:95df24ca1e1bd93bbca51d94dd049a984609687cb2fb08a7f2c56ac84e9816ea",
                "sha256:9b37c184f8b976f0c0a231a5f3d6efe10807d41ccbe4488df8c74174805eea7d",
                "sha256:9b6f347deb3dcfbfde1c20baa21c2ac0751afaa73e64e5b693bb2b848efeaa49",
                "sha256:9d75baf00138f80b48f1eac72ad1535aac0b6461265a0bcad391fc5aba875cfc",
                "sha256:9ef8aa8bdbac47f4968a5d66462a2a0935d044bf35c0e5a8af152d58516dbeb5",
                "sha256:a11e38ad8922c7961447f35c7b17bffa15de4d17c70abd07bfbe12d6faa3e027",
                "sha256:a1b54689e38d1279a51d11e3467dd2f3a50f5f2e879012ce8f2d6943f00e83f0",
                "sha256:a3b3366087c1bc0a2795111edcadddb8b3b59509d5db5d7ea3fdd69f954a8878",
                "sha256:a569eb1b05d72f9bce2ebd28a1ce2054311b66677fcd46cf36204ad23acead8c",
                "sha256:a7affedeb43a70351bb811dadf49493c9cfd1ed94c9c70095fd177e9cc1541fa",
                "sha256:a9a396a6ad26130cdae92ae10c36af09d9bfe6cafe69670fd3b6da9b07b4044f",
                "sha256:a9ab1e71d3d2e54a0aa646ab6d4eebfaa5f416fe78dfe4da2839525dc5d765c6",
                "sha256:a9cd1af7e18e5221d2878378fbc287a14cd527fdd5939ed56a18df8a31136bb2",
                "sha256:a9dcaf8b0cc72a392760bb8755922c03e17a5a54e08cca58e8b74f6902b433cf",
                "sha256:b9d7439d7fab4dce00570bb906875734df13d9faa4b48e261c440a5fec6d9708",
                "sha256:bcc03c8b72267e97b49149e4863d57c2d77f13fae12066622dc78fe322490fe6",
                "sha256:c11d4d16e133f6df8916cc5b7e3e96ee4c44c936717d684a94f48f82edb7c92f",
                "sha256:c1dca61c6db1166c48b95198c0b7d9c990b30c756fc2923cc66f68d17dc558fd",
                "sha256:c518e84bb59c2baae725accd355c8dc517b4a3ed8db88b4bc93c78dae2974bf2",
                "sha256:c7934fd0e920e70468e676fe7f1b7261c1efa0d6c037c6722278ca0228ad9d0d",
                "sha256:c7e72ce6bda6fb9409cc1e8164dd41d7c91466fb599eb047cfda72fe758a34a7",
                "sha256:c90d6dec6be2c7d03378a574de87af9b1efea77d0c52a8301dd831ece938452f",
                "sha256:ceec59f59d092c5007e815def4ebb80c2de330e9588e101cf8bd94c143ec78a5",
                "sha256:cf1781ef73c073e6b0f90af841aaf98501f975d306bbf6221683dd594ccc52b6",
                "sha256:d04f13a1d75cb2b8382bdc16ae6fa58c97337253826dfe136195b7f89f661557",
                "sha256:d6d300f8ec35c24025ceb9b9019ae9040c1ab2f01cddc2bcc0b518af31c75c14",
                "sha256:d8dbb1bf0c0a4ae8b40bdc9be7f644e2f3fb4e8a9aca7145bfa510d4a374eeb7",
                "sha256:de58647e3f9c42f13f90ac7e5f58900c80a39019848c5547bc691693098ae1bd",
                "sha256:deeb929efe52bed518f6eb2ddc00cc496366a14c726005726ad62c2dd9017a3c",
                "sha256:df01aea34b6e9e33572c35cd16bae5a47785e7d5c8cb2b54b2acdb9678315a17",
                "sha256:e2620453c075abeb0daa949a292e19f56de518988e079c36478bacf9546ced23",
                "sha256:e4450fc83a3df53dec45922b576e91e94f5578d06436871dce3a6be38e40f5db",
                "sha256:e54affdeb21026329fb0744ad187cf812f7d3c2aa702a5edb562b325191fcab6",
                "sha256:e9875a0143f07d74dc5e1ded1c4581f0d9f7ab86c78994e2ed9e95050073c94d",
                "sha256:f1c3cf67185543730888b20682fb186fc8d0fa6f07ccc3ef4390831ab4b388d9",
                "sha256:f48c749857f8fb598fb890a75f540e3221d0976ed0bf879cf3c7eef34151acee",
                "sha256:f779498eeec470295a2b1a5d97aa1bc9814ecd25e1eb637bd9d1c73a327387f6"
            ],
            "markers": "python_version >= '3.8'",
            "version": "==13.1"
        },
        "yfinance": {
            "hashes": [
                "sha256:511a1a40a687f277aae3a02543009a8aeaa292fce5509671f58915078aebb5c7",
                "sha256:fae354cc1649109444b2c84194724afcc52c2a7799551ce44c739424ded6af9c"
            ],
            "index": "pypi",
            "version": "==0.2.66"
        }
    },
    "develop": {}
}
